{
  "name": "discord-jockey",
  "lockfileVersion": 3,
  "requires": true,
  "packages": {
    "": {
      "name": "discord-jockey",
      "dependencies": {
        "@bufbuild/buf": "^1.68.4",
        "@bufbuild/protobuf": "^2.12.0",
        "@bufbuild/protoc-gen-es": "^2.12.0",
        "@connectrpc/connect": "^2.1.1",
        "@connectrpc/connect-node": "^2.1.1",
        "@discordjs/voice": "^0.19.2",
        "discord.js": "^14.26.3",
        "dotenv": "^17.4.2",
        "paseto-ts": "^2.0.6",
        "serialize-error": "^13.0.1"
      },
      "devDependencies": {
        "@types/node": "latest"
      },
      "peerDependencies": {
        "typescript": "^5.0.0"
      }
    },
    "node_modules/@bufbuild/buf": {
      "version": "1.68.4",
      "hasInstallScript": true,
      "license": "Apache-2.0",
      "bin": {
        "buf": "bin/buf",
        "protoc-gen-buf-breaking": "bin/protoc-gen-buf-breaking",
        "protoc-gen-buf-lint": "bin/protoc-gen-buf-lint"
      },
      "engines": {
        "node": ">=12"
      },
      "optionalDependencies": {
        "@bufbuild/buf-darwin-arm64": "1.68.4",
        "@bufbuild/buf-darwin-x64": "1.68.4",
        "@bufbuild/buf-linux-aarch64": "1.68.4",
        "@bufbuild/buf-linux-armv7": "1.68.4",
        "@bufbuild/buf-linux-x64": "1.68.4",
        "@bufbuild/buf-win32-arm64": "1.68.4",
        "@bufbuild/buf-win32-x64": "1.68.4"
      }
    },
    "node_modules/@bufbuild/buf-darwin-arm64": {
      "version": "1.68.4",
      "cpu": [
        "arm64"
      ],
      "license": "Apache-2.0",
      "optional": true,
      "os": [
        "darwin"
      ],
      "engines": {
        "node": ">=12"
      }
    },
    "node_modules/@bufbuild/buf-darwin-x64": {
      "version": "1.68.4",
      "resolved": "https://registry.npmjs.org/@bufbuild/buf-darwin-x64/-/buf-darwin-x64-1.68.4.tgz",
      "integrity": "sha512-B552Ke9CMDOIyCZGXqSeEej2+13B1PlesZj3j9DCQml86vVEJLVNw9JIUBRE47S31h0qx/Qzptm1N898gaaXTw==",
      "cpu": [
        "x64"
      ],
      "license": "Apache-2.0",
      "optional": true,
      "os": [
        "darwin"
      ],
      "engines": {
        "node": ">=12"
      }
    },
    "node_modules/@bufbuild/buf-linux-aarch64": {
      "version": "1.68.4",
      "resolved": "https://registry.npmjs.org/@bufbuild/buf-linux-aarch64/-/buf-linux-aarch64-1.68.4.tgz",
      "integrity": "sha512-bbe/EQ6vr5ytdoE/llICbp2jPzMDPnT0F0RwlE2rm1sU6crYNJQPOg+QG/NVabL8XimLooRZ1WgPEeZFyAW/hw==",
      "cpu": [
        "arm64"
      ],
      "license": "Apache-2.0",
      "optional": true,
      "os": [
        "linux"
      ],
      "engines": {
        "node": ">=12"
      }
    },
    "node_modules/@bufbuild/buf-linux-armv7": {
      "version": "1.68.4",
      "resolved": "https://registry.npmjs.org/@bufbuild/buf-linux-armv7/-/buf-linux-armv7-1.68.4.tgz",
      "integrity": "sha512-Q1SHNEYYiEpz/IwIfBrdVvgd8VCQlPue6J6IzMWNPCjwhhZViQNAMXIo4Huvz0Xhrwe3shYbdEx6uj/tu49dug==",
      "cpu": [
        "arm"
      ],
      "license": "Apache-2.0",
      "optional": true,
      "os": [
        "linux"
      ],
      "engines": {
        "node": ">=12"
      }
    },
    "node_modules/@bufbuild/buf-linux-x64": {
      "version": "1.68.4",
      "resolved": "https://registry.npmjs.org/@bufbuild/buf-linux-x64/-/buf-linux-x64-1.68.4.tgz",
      "integrity": "sha512-Bo8OaMc76+s23xDZ96LhHunBJYdwTyDOdLOvjiebMQ6MTkcPU/B+ecIwJtRj1FGh9NWWRpT/YaroTpOPVNXG/Q==",
      "cpu": [
        "x64"
      ],
      "license": "Apache-2.0",
      "optional": true,
      "os": [
        "linux"
      ],
      "engines": {
        "node": ">=12"
      }
    },
    "node_modules/@bufbuild/buf-win32-arm64": {
      "version": "1.68.4",
      "resolved": "https://registry.npmjs.org/@bufbuild/buf-win32-arm64/-/buf-win32-arm64-1.68.4.tgz",
      "integrity": "sha512-knbrAF8maJ+7GbsZ9Wp7GuZ72SEiBv/1/0vgZSgdzPn2VytciTM7HRGlsglk9sPTX18WlKZeOY/+pkJpC/RGRQ==",
      "cpu": [
        "arm64"
      ],
      "license": "Apache-2.0",
      "optional": true,
      "os": [
        "win32"
      ],
      "engines": {
        "node": ">=12"
      }
    },
    "node_modules/@bufbuild/buf-win32-x64": {
      "version": "1.68.4",
      "resolved": "https://registry.npmjs.org/@bufbuild/buf-win32-x64/-/buf-win32-x64-1.68.4.tgz",
      "integrity": "sha512-JnUSCPNtmdSWaj9mA7ioLC2y8kpvX91FEYwxk3VrNukWtctiMTbhbS9CwbUdZuHjJSvWDLdKIS75Iyj16ufplg==",
      "cpu": [
        "x64"
      ],
      "license": "Apache-2.0",
      "optional": true,
      "os": [
        "win32"
      ],
      "engines": {
        "node": ">=12"
      }
    },
    "node_modules/@bufbuild/protobuf": {
      "version": "2.12.0",
      "license": "(Apache-2.0 AND BSD-3-Clause)"
    },
    "node_modules/@bufbuild/protoc-gen-es": {
      "version": "2.12.0",
      "license": "Apache-2.0",
      "dependencies": {
        "@bufbuild/protobuf": "2.12.0",
        "@bufbuild/protoplugin": "2.12.0"
      },
      "bin": {
        "protoc-gen-es": "bin/protoc-gen-es"
      },
      "engines": {
        "node": ">=20"
      },
      "peerDependencies": {
        "@bufbuild/protobuf": "2.12.0"
      },
      "peerDependenciesMeta": {
        "@bufbuild/protobuf": {
          "optional": true
        }
      }
    },
    "node_modules/@bufbuild/protoplugin": {
      "version": "2.12.0",
      "license": "Apache-2.0",
      "dependencies": {
        "@bufbuild/protobuf": "2.12.0",
        "@typescript/vfs": "^1.6.2",
        "typescript": "5.4.5"
      }
    },
    "node_modules/@bufbuild/protoplugin/node_modules/typescript": {
      "version": "5.4.5",
      "license": "Apache-2.0",
      "bin": {
        "tsc": "bin/tsc",
        "tsserver": "bin/tsserver"
      },
      "engines": {
        "node": ">=14.17"
      }
    },
    "node_modules/@connectrpc/connect": {
      "version": "2.1.1",
      "license": "Apache-2.0",
      "peerDependencies": {
        "@bufbuild/protobuf": "^2.7.0"
      }
    },
    "node_modules/@connectrpc/connect-node": {
      "version": "2.1.1",
      "resolved": "https://registry.npmjs.org/@connectrpc/connect-node/-/connect-node-2.1.1.tgz",
      "integrity": "sha512-s3TfsI1XF+n+1z6MBS9rTnFsxxR4Rw5wmdEnkQINli81ESGxcsfaEet8duzq8LVuuCupmhUsgpRo0Nv9pZkufg==",
      "license": "Apache-2.0",
      "engines": {
        "node": ">=20"
      },
      "peerDependencies": {
        "@bufbuild/protobuf": "^2.7.0",
        "@connectrpc/connect": "2.1.1"
      }
    },
    "node_modules/@discordjs/builders": {
      "version": "1.14.1",
      "license": "Apache-2.0",
      "dependencies": {
        "@discordjs/formatters": "^0.6.2",
        "@discordjs/util": "^1.2.0",
        "@sapphire/shapeshift": "^4.0.0",
        "discord-api-types": "^0.38.40",
        "fast-deep-equal": "^3.1.3",
        "ts-mixer": "^6.0.4",
        "tslib": "^2.6.3"
      },
      "engines": {
        "node": ">=16.11.0"
      },
      "funding": {
        "url": "https://github.com/discordjs/discord.js?sponsor"
      }
    },
    "node_modules/@discordjs/collection": {
      "version": "1.5.3",
      "license": "Apache-2.0",
      "engines": {
        "node": ">=16.11.0"
      }
    },
    "node_modules/@discordjs/formatters": {
      "version": "0.6.2",
      "license": "Apache-2.0",
      "dependencies": {
        "discord-api-types": "^0.38.33"
      },
      "engines": {
        "node": ">=16.11.0"
      },
      "funding": {
        "url": "https://github.com/discordjs/discord.js?sponsor"
      }
    },
    "node_modules/@discordjs/rest": {
      "version": "2.6.1",
      "license": "Apache-2.0",
      "dependencies": {
        "@discordjs/collection": "^2.1.1",
        "@discordjs/util": "^1.2.0",
        "@sapphire/async-queue": "^1.5.3",
        "@sapphire/snowflake": "^3.5.5",
        "@vladfrangu/async_event_emitter": "^2.4.6",
        "discord-api-types": "^0.38.40",
        "magic-bytes.js": "^1.13.0",
        "tslib": "^2.6.3",
        "undici": "6.24.1"
      },
      "engines": {
        "node": ">=18"
      },
      "funding": {
        "url": "https://github.com/discordjs/discord.js?sponsor"
      }
    },
    "node_modules/@discordjs/rest/node_modules/@discordjs/collection": {
      "version": "2.1.1",
      "license": "Apache-2.0",
      "engines": {
        "node": ">=18"
      },
      "funding": {
        "url": "https://github.com/discordjs/discord.js?sponsor"
      }
    },
    "node_modules/@discordjs/rest/node_modules/@sapphire/snowflake": {
      "version": "3.5.5",
      "license": "MIT",
      "engines": {
        "node": ">=v14.0.0",
        "npm": ">=7.0.0"
      }
    },
    "node_modules/@discordjs/util": {
      "version": "1.2.0",
      "license": "Apache-2.0",
      "dependencies": {
        "discord-api-types": "^0.38.33"
      },
      "engines": {
        "node": ">=18"
      },
      "funding": {
        "url": "https://github.com/discordjs/discord.js?sponsor"
      }
    },
    "node_modules/@discordjs/voice": {
      "version": "0.19.2",
      "license": "Apache-2.0",
      "dependencies": {
        "@snazzah/davey": "^0.1.9",
        "@types/ws": "^8.18.1",
        "discord-api-types": "^0.38.41",
        "prism-media": "^1.3.5",
        "tslib": "^2.8.1",
        "ws": "^8.19.0"
      },
      "engines": {
        "node": ">=22.12.0"
      },
      "funding": {
        "url": "https://github.com/discordjs/discord.js?sponsor"
      }
    },
    "node_modules/@discordjs/ws": {
      "version": "1.2.3",
      "license": "Apache-2.0",
      "dependencies": {
        "@discordjs/collection": "^2.1.0",
        "@discordjs/rest": "^2.5.1",
        "@discordjs/util": "^1.1.0",
        "@sapphire/async-queue": "^1.5.2",
        "@types/ws": "^8.5.10",
        "@vladfrangu/async_event_emitter": "^2.2.4",
        "discord-api-types": "^0.38.1",
        "tslib": "^2.6.2",
        "ws": "^8.17.0"
      },
      "engines": {
        "node": ">=16.11.0"
      },
      "funding": {
        "url": "https://github.com/discordjs/discord.js?sponsor"
      }
    },
    "node_modules/@discordjs/ws/node_modules/@discordjs/collection": {
      "version": "2.1.1",
      "license": "Apache-2.0",
      "engines": {
        "node": ">=18"
      },
      "funding": {
        "url": "https://github.com/discordjs/discord.js?sponsor"
      }
    },
    "node_modules/@emnapi/core": {
      "version": "1.10.0",
      "resolved": "https://registry.npmjs.org/@emnapi/core/-/core-1.10.0.tgz",
      "integrity": "sha512-yq6OkJ4p82CAfPl0u9mQebQHKPJkY7WrIuk205cTYnYe+k2Z8YBh11FrbRG/H6ihirqcacOgl2BIO8oyMQLeXw==",
      "license": "MIT",
      "optional": true,
      "peer": true,
      "dependencies": {
        "@emnapi/wasi-threads": "1.2.1",
        "tslib": "^2.4.0"
      }
    },
    "node_modules/@emnapi/runtime": {
      "version": "1.10.0",
      "resolved": "https://registry.npmjs.org/@emnapi/runtime/-/runtime-1.10.0.tgz",
      "integrity": "sha512-ewvYlk86xUoGI0zQRNq/mC+16R1QeDlKQy21Ki3oSYXNgLb45GV1P6A0M+/s6nyCuNDqe5VpaY84BzXGwVbwFA==",
      "license": "MIT",
      "optional": true,
      "peer": true,
      "dependencies": {
        "tslib": "^2.4.0"
      }
    },
    "node_modules/@emnapi/wasi-threads": {
      "version": "1.2.1",
      "resolved": "https://registry.npmjs.org/@emnapi/wasi-threads/-/wasi-threads-1.2.1.tgz",
      "integrity": "sha512-uTII7OYF+/Mes/MrcIOYp5yOtSMLBWSIoLPpcgwipoiKbli6k322tcoFsxoIIxPDqW01SQGAgko4EzZi2BNv2w==",
      "license": "MIT",
      "optional": true,
      "peer": true,
      "dependencies": {
        "tslib": "^2.4.0"
      }
    },
    "node_modules/@napi-rs/wasm-runtime": {
      "version": "1.1.4",
      "resolved": "https://registry.npmjs.org/@napi-rs/wasm-runtime/-/wasm-runtime-1.1.4.tgz",
      "integrity": "sha512-3NQNNgA1YSlJb/kMH1ildASP9HW7/7kYnRI2szWJaofaS1hWmbGI4H+d3+22aGzXXN9IJ+n+GiFVcGipJP18ow==",
      "license": "MIT",
      "optional": true,
      "dependencies": {
        "@tybys/wasm-util": "^0.10.1"
      },
      "funding": {
        "type": "github",
        "url": "https://github.com/sponsors/Brooooooklyn"
      },
      "peerDependencies": {
        "@emnapi/core": "^1.7.1",
        "@emnapi/runtime": "^1.7.1"
      }
    },
    "node_modules/@sapphire/async-queue": {
      "version": "1.5.5",
      "license": "MIT",
      "engines": {
        "node": ">=v14.0.0",
        "npm": ">=7.0.0"
      }
    },
    "node_modules/@sapphire/shapeshift": {
      "version": "4.0.0",
      "license": "MIT",
      "dependencies": {
        "fast-deep-equal": "^3.1.3",
        "lodash": "^4.17.21"
      },
      "engines": {
        "node": ">=v16"
      }
    },
    "node_modules/@sapphire/snowflake": {
      "version": "3.5.3",
      "license": "MIT",
      "engines": {
        "node": ">=v14.0.0",
        "npm": ">=7.0.0"
      }
    },
    "node_modules/@snazzah/davey": {
      "version": "0.1.11",
      "license": "MIT",
      "engines": {
        "node": ">= 10"
      },
      "funding": {
        "url": "https://github.com/sponsors/Snazzah"
      },
      "optionalDependencies": {
        "@snazzah/davey-android-arm-eabi": "0.1.11",
        "@snazzah/davey-android-arm64": "0.1.11",
        "@snazzah/davey-darwin-arm64": "0.1.11",
        "@snazzah/davey-darwin-x64": "0.1.11",
        "@snazzah/davey-freebsd-x64": "0.1.11",
        "@snazzah/davey-linux-arm-gnueabihf": "0.1.11",
        "@snazzah/davey-linux-arm64-gnu": "0.1.11",
        "@snazzah/davey-linux-arm64-musl": "0.1.11",
        "@snazzah/davey-linux-x64-gnu": "0.1.11",
        "@snazzah/davey-linux-x64-musl": "0.1.11",
        "@snazzah/davey-wasm32-wasi": "0.1.11",
        "@snazzah/davey-win32-arm64-msvc": "0.1.11",
        "@snazzah/davey-win32-ia32-msvc": "0.1.11",
        "@snazzah/davey-win32-x64-msvc": "0.1.11"
      }
    },
    "node_modules/@snazzah/davey-android-arm-eabi": {
      "version": "0.1.11",
      "resolved": "https://registry.npmjs.org/@snazzah/davey-android-arm-eabi/-/davey-android-arm-eabi-0.1.11.tgz",
      "integrity": "sha512-T1RYbNYKN6tLOcGIDKJd8OI6FBSEemwL7DOYdTMmhqfhhMr3YVN8WOhfoxGg63OcnpTN2e2c5tdY2bAx25RmQQ==",
      "cpu": [
        "arm"
      ],
      "license": "MIT",
      "optional": true,
      "os": [
        "android"
      ],
      "engines": {
        "node": ">= 10"
      }
    },
    "node_modules/@snazzah/davey-android-arm64": {
      "version": "0.1.11",
      "resolved": "https://registry.npmjs.org/@snazzah/davey-android-arm64/-/davey-android-arm64-0.1.11.tgz",
      "integrity": "sha512-ksJn/x2VU8h6w9eku1HT96ugSRZ7lKVkKNKbFleaFN+U99DJaPM+gMu2YvnFU4V54HR06ZBnRihnVG6VLXQpDw==",
      "cpu": [
        "arm64"
      ],
      "license": "MIT",
      "optional": true,
      "os": [
        "android"
      ],
      "engines": {
        "node": ">= 10"
      }
    },
    "node_modules/@snazzah/davey-darwin-arm64": {
      "version": "0.1.11",
      "cpu": [
        "arm64"
      ],
      "license": "MIT",
      "optional": true,
      "os": [
        "darwin"
      ],
      "engines": {
        "node": ">= 10"
      }
    },
    "node_modules/@snazzah/davey-darwin-x64": {
      "version": "0.1.11",
      "resolved": "https://registry.npmjs.org/@snazzah/davey-darwin-x64/-/davey-darwin-x64-0.1.11.tgz",
      "integrity": "sha512-Tl4TI/LTmgJZepgbgVMYDi8RqlAkPtPg1OEBPl7a9Tn3AwR36Vs6lyIT1cs/lGy/ds/+B+mKI4rPObN1cyILTw==",
      "cpu": [
        "x64"
      ],
      "license": "MIT",
      "optional": true,
      "os": [
        "darwin"
      ],
      "engines": {
        "node": ">= 10"
      }
    },
    "node_modules/@snazzah/davey-freebsd-x64": {
      "version": "0.1.11",
      "resolved": "https://registry.npmjs.org/@snazzah/davey-freebsd-x64/-/davey-freebsd-x64-0.1.11.tgz",
      "integrity": "sha512-T8Iw9FXkuI1T+YBAFzh9v/TXf9IOTOSqnd/BFpTRTrlW72PR2lhIidzSmg027VxO7r5pX47iFwiOkb9I/NU/EA==",
      "cpu": [
        "x64"
      ],
      "license": "MIT",
      "optional": true,
      "os": [
        "freebsd"
      ],
      "engines": {
        "node": ">= 10"
      }
    },
    "node_modules/@snazzah/davey-linux-arm-gnueabihf": {
      "version": "0.1.11",
      "resolved": "https://registry.npmjs.org/@snazzah/davey-linux-arm-gnueabihf/-/davey-linux-arm-gnueabihf-0.1.11.tgz",
      "integrity": "sha512-1Txj+8pqA8uq/OGtaUaBFWAPnNMQzFgIywj0iA7EI4xZl+mab48/pv+YZ1pNb/suC6ynsW44oB9efiXSdcUAgA==",
      "cpu": [
        "arm"
      ],
      "license": "MIT",
      "optional": true,
      "os": [
        "linux"
      ],
      "engines": {
        "node": ">= 10"
      }
    },
    "node_modules/@snazzah/davey-linux-arm64-gnu": {
      "version": "0.1.11",
      "resolved": "https://registry.npmjs.org/@snazzah/davey-linux-arm64-gnu/-/davey-linux-arm64-gnu-0.1.11.tgz",
      "integrity": "sha512-ERzF5nM/IYW1BcN3wLXpEwBCGLFf0kGJUVhaV6yfiInz0tkU8UmvrrgpaMaACfMjIhfWdq5CcX+aTkXo/saNcg==",
      "cpu": [
        "arm64"
      ],
      "libc": [
        "glibc"
      ],
      "license": "MIT",
      "optional": true,
      "os": [
        "linux"
      ],
      "engines": {
        "node": ">= 10"
      }
    },
    "node_modules/@snazzah/davey-linux-arm64-musl": {
      "version": "0.1.11",
      "resolved": "https://registry.npmjs.org/@snazzah/davey-linux-arm64-musl/-/davey-linux-arm64-musl-0.1.11.tgz",
      "integrity": "sha512-e6pX6Hiabtz99q+H/YHNkm9JVlpqN8HGh0qPib8G2+UY4/SSH8WvqWipk3v581dMy2oyCHt7MOoY1aU1P1N/xA==",
      "cpu": [
        "arm64"
      ],
      "libc": [
        "musl"
      ],
      "license": "MIT",
      "optional": true,
      "os": [
        "linux"
      ],
      "engines": {
        "node": ">= 10"
      }
    },
    "node_modules/@snazzah/davey-linux-x64-gnu": {
      "version": "0.1.11",
      "resolved": "https://registry.npmjs.org/@snazzah/davey-linux-x64-gnu/-/davey-linux-x64-gnu-0.1.11.tgz",
      "integrity": "sha512-TW5bSoqChOJMbvsDb4wAATYrxmAXuNnse7wFNVSAJUaZKSeRfZbu3UAiPWSNn7GwLwSfU6hg322KZUn8IWCuvg==",
      "cpu": [
        "x64"
      ],
      "libc": [
        "glibc"
      ],
      "license": "MIT",
      "optional": true,
      "os": [
        "linux"
      ],
      "engines": {
        "node": ">= 10"
      }
    },
    "node_modules/@snazzah/davey-linux-x64-musl": {
      "version": "0.1.11",
      "resolved": "https://registry.npmjs.org/@snazzah/davey-linux-x64-musl/-/davey-linux-x64-musl-0.1.11.tgz",
      "integrity": "sha512-5j6Pmc+Wzv5lSxVP6quA7teYRJXibkZqQyYGfTDnTsUOO5dPpcojpqlXlkhyvsA1OAQTj4uxbOCciN3cVWwzug==",
      "cpu": [
        "x64"
      ],
      "libc": [
        "musl"
      ],
      "license": "MIT",
      "optional": true,
      "os": [
        "linux"
      ],
      "engines": {
        "node": ">= 10"
      }
    },
    "node_modules/@snazzah/davey-wasm32-wasi": {
      "version": "0.1.11",
      "resolved": "https://registry.npmjs.org/@snazzah/davey-wasm32-wasi/-/davey-wasm32-wasi-0.1.11.tgz",
      "integrity": "sha512-rKOwZ/0J8lp+4VEyOdMDBRP9KR+PksZpa9V1Qn0veMzy4FqTVKthkxwGqewheFe0SFg9fdvt798l/PBFrfDeZw==",
      "cpu": [
        "wasm32"
      ],
      "license": "MIT",
      "optional": true,
      "dependencies": {
        "@napi-rs/wasm-runtime": "^1.1.2"
      },
      "engines": {
        "node": ">=14.0.0"
      }
    },
    "node_modules/@snazzah/davey-win32-arm64-msvc": {
      "version": "0.1.11",
      "resolved": "https://registry.npmjs.org/@snazzah/davey-win32-arm64-msvc/-/davey-win32-arm64-msvc-0.1.11.tgz",
      "integrity": "sha512-5fptJU4tX901m3mj0SHiBljMrPT4ZEsynbBhR7bK1yn9TY1jjyhN8EFi7QF5IWtUEni+0mia2BCMHZ5ZkmFZqQ==",
      "cpu": [
        "arm64"
      ],
      "license": "MIT",
      "optional": true,
      "os": [
        "win32"
      ],
      "engines": {
        "node": ">= 10"
      }
    },
    "node_modules/@snazzah/davey-win32-ia32-msvc": {
      "version": "0.1.11",
      "resolved": "https://registry.npmjs.org/@snazzah/davey-win32-ia32-msvc/-/davey-win32-ia32-msvc-0.1.11.tgz",
      "integrity": "sha512-ualexn8SeLsiMHhWfzVrzRcjHgcBapg++FPaVgJJxoh2S/jCRiklXOu3luqIZdJdNKvhe2V9SwO/cImPeIIBKw==",
      "cpu": [
        "ia32"
      ],
      "license": "MIT",
      "optional": true,
      "os": [
        "win32"
      ],
      "engines": {
        "node": ">= 10"
      }
    },
    "node_modules/@snazzah/davey-win32-x64-msvc": {
      "version": "0.1.11",
      "resolved": "https://registry.npmjs.org/@snazzah/davey-win32-x64-msvc/-/davey-win32-x64-msvc-0.1.11.tgz",
      "integrity": "sha512-muNhc8UKXtknzsH/w4AIkbPR2I8BuvApn0pDXar0IEvY8PCjqU/M8MPbOOEYwQVvQRMwVTgExtxzrkBPSXB4nA==",
      "cpu": [
        "x64"
      ],
      "license": "MIT",
      "optional": true,
      "os": [
        "win32"
      ],
      "engines": {
        "node": ">= 10"
      }
    },
    "node_modules/@stablelib/binary": {
      "version": "2.0.1",
      "resolved": "https://registry.npmjs.org/@stablelib/binary/-/binary-2.0.1.tgz",
      "integrity": "sha512-U9iAO8lXgEDONsA0zPPSgcf3HUBNAqHiJmSHgZz62OvC3Hi2Bhc5kTnQ3S1/L+sthDTHtCMhcEiklmIly6uQ3w==",
      "license": "MIT",
      "dependencies": {
        "@stablelib/int": "^2.0.1"
      }
    },
    "node_modules/@stablelib/blake2b": {
      "version": "2.0.1",
      "resolved": "https://registry.npmjs.org/@stablelib/blake2b/-/blake2b-2.0.1.tgz",
      "integrity": "sha512-kBN4i9FHpkTEVrHwKtb1ZjI6QwyoK8emY9TaLcHHFSZkw2FN9Td8Js9mU2U10q+EZ3Mp6z78QgdPDwJXbc3Dtw==",
      "license": "MIT",
      "dependencies": {
        "@stablelib/binary": "^2.0.1",
        "@stablelib/hash": "^2.0.0",
        "@stablelib/wipe": "^2.0.1"
      }
    },
    "node_modules/@stablelib/chacha": {
      "version": "2.0.1",
      "resolved": "https://registry.npmjs.org/@stablelib/chacha/-/chacha-2.0.1.tgz",
      "integrity": "sha512-lS1FqtNqofxe2vLkRsLli2m3x/XanUyAYRphLhdHumKeIsLbjbCXdCq3Pf/eWiO7G3QlSG5ViqnoVjktzfLWMg==",
      "license": "MIT",
      "dependencies": {
        "@stablelib/binary": "^2.0.1",
        "@stablelib/wipe": "^2.0.1"
      }
    },
    "node_modules/@stablelib/ed25519": {
      "version": "2.1.0",
      "resolved": "https://registry.npmjs.org/@stablelib/ed25519/-/ed25519-2.1.0.tgz",
      "integrity": "sha512-8GLWoJur9nJiErABKHs5MjceSiYJJ2n8QP9k8Q5x6GWU2y5oAQ6qzPh8kCgQy5aHlUxcmRA1frQ5Gu2bHoIDPw==",
      "license": "MIT",
      "dependencies": {
        "@stablelib/random": "^2.0.1",
        "@stablelib/sha512": "^2.0.1",
        "@stablelib/wipe": "^2.0.1"
      }
    },
    "node_modules/@stablelib/hash": {
      "version": "2.0.0",
      "resolved": "https://registry.npmjs.org/@stablelib/hash/-/hash-2.0.0.tgz",
      "integrity": "sha512-u3WPSqGido8lwJuMcrBgM5K54LrPGhkWAdtsyccf7dGsLixAZUds77zOAbu7bvKPwQlmoByH0txBi5rTmEKuHg==",
      "license": "MIT"
    },
    "node_modules/@stablelib/int": {
      "version": "2.0.1",
      "resolved": "https://registry.npmjs.org/@stablelib/int/-/int-2.0.1.tgz",
      "integrity": "sha512-Ht63fQp3wz/F8U4AlXEPb7hfJOIILs8Lq55jgtD7KueWtyjhVuzcsGLSTAWtZs3XJDZYdF1WcSKn+kBtbzupww==",
      "license": "MIT"
    },
    "node_modules/@stablelib/random": {
      "version": "2.0.1",
      "resolved": "https://registry.npmjs.org/@stablelib/random/-/random-2.0.1.tgz",
      "integrity": "sha512-W6GAtXEEs7r+dSbuBsvoFmlyL3gLxle41tQkjKu17dDWtDdjhVUbtRfRCQcCUeczwkgjQxMPopgwYEvxXtHXGw==",
      "license": "MIT",
      "dependencies": {
        "@stablelib/binary": "^2.0.1",
        "@stablelib/wipe": "^2.0.1"
      }
    },
    "node_modules/@stablelib/sha512": {
      "version": "2.0.1",
      "resolved": "https://registry.npmjs.org/@stablelib/sha512/-/sha512-2.0.1.tgz",
      "integrity": "sha512-DUNe5cbnoH3sSIN+MG04RvTCLXtkbyy/SnQxiNO+GgF/KSXkkUSlF6mUVvCUdZBZ2X3NgogR+tAvaRSn8wxnLw==",
      "license": "MIT",
      "dependencies": {
        "@stablelib/binary": "^2.0.1",
        "@stablelib/hash": "^2.0.0",
        "@stablelib/wipe": "^2.0.1"
      }
    },
    "node_modules/@stablelib/wipe": {
      "version": "2.0.1",
      "resolved": "https://registry.npmjs.org/@stablelib/wipe/-/wipe-2.0.1.tgz",
      "integrity": "sha512-1eU2K9EgOcV4qc9jcP6G72xxZxEm5PfeI5H55l08W95b4oRJaqhmlWRc4xZAm6IVSKhVNxMi66V67hCzzuMTAg==",
      "license": "MIT"
    },
    "node_modules/@stablelib/xchacha20": {
      "version": "2.0.1",
      "resolved": "https://registry.npmjs.org/@stablelib/xchacha20/-/xchacha20-2.0.1.tgz",
      "integrity": "sha512-k55pNv7gIM4mUPU00+nJYTxKiUVNwAtsgrridC0aIU5cVbw9u6qP99x8ENu5eiwOEhZUNg+p3tTOLooCeAOJQA==",
      "license": "MIT",
      "dependencies": {
        "@stablelib/binary": "^2.0.1",
        "@stablelib/chacha": "^2.0.1",
        "@stablelib/wipe": "^2.0.1"
      }
    },
    "node_modules/@tybys/wasm-util": {
      "version": "0.10.1",
      "resolved": "https://registry.npmjs.org/@tybys/wasm-util/-/wasm-util-0.10.1.tgz",
      "integrity": "sha512-9tTaPJLSiejZKx+Bmog4uSubteqTvFrVrURwkmHixBo0G4seD0zUxp98E1DzUBJxLQ3NPwXrGKDiVjwx/DpPsg==",
      "license": "MIT",
      "optional": true,
      "dependencies": {
        "tslib": "^2.4.0"
      }
    },
    "node_modules/@types/node": {
      "version": "25.6.0",
      "resolved": "https://registry.npmjs.org/@types/node/-/node-25.6.0.tgz",
      "integrity": "sha512-+qIYRKdNYJwY3vRCZMdJbPLJAtGjQBudzZzdzwQYkEPQd+PJGixUL5QfvCLDaULoLv+RhT3LDkwEfKaAkgSmNQ==",
      "license": "MIT",
      "dependencies": {
        "undici-types": "~7.19.0"
      }
    },
    "node_modules/@types/ws": {
      "version": "8.18.1",
      "license": "MIT",
      "dependencies": {
        "@types/node": "*"
      }
    },
    "node_modules/@typescript/vfs": {
      "version": "1.6.4",
      "license": "MIT",
      "dependencies": {
        "debug": "^4.4.3"
      },
      "peerDependencies": {
        "typescript": "*"
      }
    },
    "node_modules/@vladfrangu/async_event_emitter": {
      "version": "2.4.7",
      "license": "MIT",
      "engines": {
        "node": ">=v14.0.0",
        "npm": ">=7.0.0"
      }
    },
    "node_modules/debug": {
      "version": "4.4.3",
      "license": "MIT",
      "dependencies": {
        "ms": "^2.1.3"
      },
      "engines": {
        "node": ">=6.0"
      },
      "peerDependenciesMeta": {
        "supports-color": {
          "optional": true
        }
      }
    },
    "node_modules/discord-api-types": {
      "version": "0.38.47",
      "resolved": "https://registry.npmjs.org/discord-api-types/-/discord-api-types-0.38.47.tgz",
      "integrity": "sha512-XgXQodHQBAE6kfD7kMvVo30863iHX1LHSqNq6MGUTDwIFCCvHva13+rwxyxVXDqudyApMNAd32PGjgVETi5rjA==",
      "license": "MIT",
      "workspaces": [
        "scripts/actions/documentation"
      ]
    },
    "node_modules/discord.js": {
      "version": "14.26.3",
      "license": "Apache-2.0",
      "dependencies": {
        "@discordjs/builders": "^1.14.1",
        "@discordjs/collection": "1.5.3",
        "@discordjs/formatters": "^0.6.2",
        "@discordjs/rest": "^2.6.1",
        "@discordjs/util": "^1.2.0",
        "@discordjs/ws": "^1.2.3",
        "@sapphire/snowflake": "3.5.3",
        "discord-api-types": "^0.38.40",
        "fast-deep-equal": "3.1.3",
        "lodash.snakecase": "4.1.1",
        "magic-bytes.js": "^1.13.0",
        "tslib": "^2.6.3",
        "undici": "6.24.1"
      },
      "engines": {
        "node": ">=18"
      },
      "funding": {
        "url": "https://github.com/discordjs/discord.js?sponsor"
      }
    },
    "node_modules/dotenv": {
      "version": "17.4.2",
      "license": "BSD-2-Clause",
      "engines": {
        "node": ">=12"
      },
      "funding": {
        "url": "https://dotenvx.com"
      }
    },
    "node_modules/fast-deep-equal": {
      "version": "3.1.3",
      "license": "MIT"
    },
    "node_modules/lodash": {
      "version": "4.18.1",
      "license": "MIT"
    },
    "node_modules/lodash.snakecase": {
      "version": "4.1.1",
      "license": "MIT"
    },
    "node_modules/magic-bytes.js": {
      "version": "1.13.0",
      "license": "MIT"
    },
    "node_modules/ms": {
      "version": "2.1.3",
      "license": "MIT"
    },
    "node_modules/non-error": {
      "version": "0.1.0",
      "license": "MIT",
      "engines": {
        "node": ">=20"
      },
      "funding": {
        "url": "https://github.com/sponsors/sindresorhus"
      }
    },
    "node_modules/paseto-ts": {
      "version": "2.0.6",
      "resolved": "https://registry.npmjs.org/paseto-ts/-/paseto-ts-2.0.6.tgz",
      "integrity": "sha512-Ul3AzoCcS4uA6jF+GW2zYUxZY78xsqCbfxdv2Khk/30hDxAzcvsWQjp4uW1XcbkrO9zNrPbdBv4HiXgJigWLVA==",
      "license": "MIT",
      "dependencies": {
        "@stablelib/blake2b": "^2.0.1",
        "@stablelib/ed25519": "^2.1.0",
        "@stablelib/xchacha20": "^2.0.1"
      }
    },
    "node_modules/prism-media": {
      "version": "1.3.5",
      "license": "Apache-2.0",
      "peerDependencies": {
        "@discordjs/opus": ">=0.8.0 <1.0.0",
        "ffmpeg-static": "^5.0.2 || ^4.2.7 || ^3.0.0 || ^2.4.0",
        "node-opus": "^0.3.3",
        "opusscript": "^0.0.8"
      },
      "peerDependenciesMeta": {
        "@discordjs/opus": {
          "optional": true
        },
        "ffmpeg-static": {
          "optional": true
        },
        "node-opus": {
          "optional": true
        },
        "opusscript": {
          "optional": true
        }
      }
    },
    "node_modules/serialize-error": {
      "version": "13.0.1",
      "license": "MIT",
      "dependencies": {
        "non-error": "^0.1.0",
        "type-fest": "^5.4.1"
      },
      "engines": {
        "node": ">=20"
      },
      "funding": {
        "url": "https://github.com/sponsors/sindresorhus"
      }
    },
    "node_modules/tagged-tag": {
      "version": "1.0.0",
      "license": "MIT",
      "engines": {
        "node": ">=20"
      },
      "funding": {
        "url": "https://github.com/sponsors/sindresorhus"
      }
    },
    "node_modules/ts-mixer": {
      "version": "6.0.4",
      "license": "MIT"
    },
    "node_modules/tslib": {
      "version": "2.8.1",
      "license": "0BSD"
    },
    "node_modules/type-fest": {
      "version": "5.6.0",
      "license": "(MIT OR CC0-1.0)",
      "dependencies": {
        "tagged-tag": "^1.0.0"
      },
      "engines": {
        "node": ">=20"
      },
      "funding": {
        "url": "https://github.com/sponsors/sindresorhus"
      }
    },
    "node_modules/typescript": {
      "version": "5.9.3",
      "license": "Apache-2.0",
      "peer": true,
      "bin": {
        "tsc": "bin/tsc",
        "tsserver": "bin/tsserver"
      },
      "engines": {
        "node": ">=14.17"
      }
    },
    "node_modules/undici": {
      "version": "6.24.1",
      "license": "MIT",
      "engines": {
        "node": ">=18.17"
      }
    },
    "node_modules/undici-types": {
      "version": "7.19.2",
      "license": "MIT"
    },
    "node_modules/ws": {
      "version": "8.20.0",
      "license": "MIT",
      "engines": {
        "node": ">=10.0.0"
      },
      "peerDependencies": {
        "bufferutil": "^4.0.1",
        "utf-8-validate": ">=5.0.2"
      },
      "peerDependenciesMeta": {
        "bufferutil": {
          "optional": true
        },
        "utf-8-validate": {
          "optional": true
        }
      }
    }
  }
}
